// !$*UTF8*$!
{
	archiveVersion = 1;
	classes = {
	};
	objectVersion = 77;
	objects = {

/* Begin PBXContainerItemProxy section */
		6BF9560F2D37246900D8CDC9 /* PBXContainerItemProxy */ = {
			isa = PBXContainerItemProxy;
			containerPortal = 6BF955F62D37246700D8CDC9 /* Project object */;
			proxyType = 1;
			remoteGlobalIDString = 6BF955FD2D37246700D8CDC9;
			remoteInfo = "learn-ios-mvvm";
		};
		6BF956192D37246900D8CDC9 /* PBXContainerItemProxy */ = {
			isa = PBXContainerItemProxy;
			containerPortal = 6BF955F62D37246700D8CDC9 /* Project object */;
			proxyType = 1;
			remoteGlobalIDString = 6BF955FD2D37246700D8CDC9;
			remoteInfo = "learn-ios-mvvm";
		};
/* End PBXContainerItemProxy section */

/* Begin PBXFileReference section */
		6BF955FE2D37246700D8CDC9 /* learn-ios-mvvm.app */ = {isa = PBXFileReference; explicitFileType = wrapper.application; includeInIndex = 0; path = "learn-ios-mvvm.app"; sourceTree = BUILT_PRODUCTS_DIR; };
		6BF9560E2D37246900D8CDC9 /* learn-ios-mvvmTests.xctest */ = {isa = PBXFileReference; explicitFileType = wrapper.cfbundle; includeInIndex = 0; path = "learn-ios-mvvmTests.xctest"; sourceTree = BUILT_PRODUCTS_DIR; };
		6BF956182D37246900D8CDC9 /* learn-ios-mvvmUITests.xctest */ = {isa = PBXFileReference; explicitFileType = wrapper.cfbundle; includeInIndex = 0; path = "learn-ios-mvvmUITests.xctest"; sourceTree = BUILT_PRODUCTS_DIR; };
/* End PBXFileReference section */

/* Begin PBXFileSystemSynchronizedRootGroup section */
		6BF956002D37246700D8CDC9 /* learn-ios-mvvm */ = {
			isa = PBXFileSystemSynchronizedRootGroup;
			path = "learn-ios-mvvm";
			sourceTree = "<group>";
		};
		6BF956112D37246900D8CDC9 /* learn-ios-mvvmTests */ = {
			isa = PBXFileSystemSynchronizedRootGroup;
			path = "learn-ios-mvvmTests";
			sourceTree = "<group>";
		};
		6BF9561B2D37246900D8CDC9 /* learn-ios-mvvmUITests */ = {
			isa = PBXFileSystemSynchronizedRootGroup;
			path = "learn-ios-mvvmUITests";
			sourceTree = "<group>";
		};
/* End PBXFileSystemSynchronizedRootGroup section */

/* Begin PBXFrameworksBuildPhase section */
		6BF955FB2D37246700D8CDC9 /* Frameworks */ = {
			isa = PBXFrameworksBuildPhase;
			buildActionMask = 2147483647;
			files = (
			);
			runOnlyForDeploymentPostprocessing = 0;
		};
		6BF9560B2D37246900D8CDC9 /* Frameworks */ = {
			isa = PBXFrameworksBuildPhase;
			buildActionMask = 2147483647;
			files = (
			);
			runOnlyForDeploymentPostprocessing = 0;
		};
		6BF956152D37246900D8CDC9 /* Frameworks */ = {
			isa = PBXFrameworksBuildPhase;
			buildActionMask = 2147483647;
			files = (
			);
			runOnlyForDeploymentPostprocessing = 0;
		};
/* End PBXFrameworksBuildPhase section */

/* Begin PBXGroup section */
		6BF955F52D37246700D8CDC9 = {
			isa = PBXGroup;
			children = (
				6BF956002D37246700D8CDC9 /* learn-ios-mvvm */,
				6BF956112D37246900D8CDC9 /* learn-ios-mvvmTests */,
				6BF9561B2D37246900D8CDC9 /* learn-ios-mvvmUITests */,
				6BF955FF2D37246700D8CDC9 /* Products */,
			);
			sourceTree = "<group>";
		};
		6BF955FF2D37246700D8CDC9 /* Products */ = {
			isa = PBXGroup;
			children = (
				6BF955FE2D37246700D8CDC9 /* learn-ios-mvvm.app */,
				6BF9560E2D37246900D8CDC9 /* learn-ios-mvvmTests.xctest */,
				6BF956182D37246900D8CDC9 /* learn-ios-mvvmUITests.xctest */,
			);
			name = Products;
			sourceTree = "<group>";
		};
/* End PBXGroup section */

/* Begin PBXNativeTarget section */
		6BF955FD2D37246700D8CDC9 /* learn-ios-mvvm */ = {
			isa = PBXNativeTarget;
			buildConfigurationList = 6BF956222D37246900D8CDC9 /* Build configuration list for PBXNativeTarget "learn-ios-mvvm" */;
			buildPhases = (
				6BF955FA2D37246700D8CDC9 /* Sources */,
				6BF955FB2D37246700D8CDC9 /* Frameworks */,
				6BF955FC2D37246700D8CDC9 /* Resources */,
			);
			buildRules = (
			);
			dependencies = (
			);
			fileSystemSynchronizedGroups = (
				6BF956002D37246700D8CDC9 /* learn-ios-mvvm */,
			);
			name = "learn-ios-mvvm";
			packageProductDependencies = (
			);
			productName = "learn-ios-mvvm";
			productReference = 6BF955FE2D37246700D8CDC9 /* learn-ios-mvvm.app */;
			productType = "com.apple.product-type.application";
		};
		6BF9560D2D37246900D8CDC9 /* learn-ios-mvvmTests */ = {
			isa = PBXNativeTarget;
			buildConfigurationList = 6BF956252D37246900D8CDC9 /* Build configuration list for PBXNativeTarget "learn-ios-mvvmTests" */;
			buildPhases = (
				6BF9560A2D37246900D8CDC9 /* Sources */,
				6BF9560B2D37246900D8CDC9 /* Frameworks */,
				6BF9560C2D37246900D8CDC9 /* Resources */,
			);
			buildRules = (
			);
			dependencies = (
				6BF956102D37246900D8CDC9 /* PBXTargetDependency */,
			);
			fileSystemSynchronizedGroups = (
				6BF956112D37246900D8CDC9 /* learn-ios-mvvmTests */,
			);
			name = "learn-ios-mvvmTests";
			packageProductDependencies = (
			);
			productName = "learn-ios-mvvmTests";
			productReference = 6BF9560E2D37246900D8CDC9 /* learn-ios-mvvmTests.xctest */;
			productType = "com.apple.product-type.bundle.unit-test";
		};
		6BF956172D37246900D8CDC9 /* learn-ios-mvvmUITests */ = {
			isa = PBXNativeTarget;
			buildConfigurationList = 6BF956282D37246900D8CDC9 /* Build configuration list for PBXNativeTarget "learn-ios-mvvmUITests" */;
			buildPhases = (
				6BF956142D37246900D8CDC9 /* Sources */,
				6BF956152D37246900D8CDC9 /* Frameworks */,
				6BF956162D37246900D8CDC9 /* Resources */,
			);
			buildRules = (
			);
			dependencies = (
				6BF9561A2D37246900D8CDC9 /* PBXTargetDependency */,
			);
			fileSystemSynchronizedGroups = (
				6BF9561B2D37246900D8CDC9 /* learn-ios-mvvmUITests */,
			);
			name = "learn-ios-mvvmUITests";
			packageProductDependencies = (
			);
			productName = "learn-ios-mvvmUITests";
			productReference = 6BF956182D37246900D8CDC9 /* learn-ios-mvvmUITests.xctest */;
			productType = "com.apple.product-type.bundle.ui-testing";
		};
/* End PBXNativeTarget section */

/* Begin PBXProject section */
		6BF955F62D37246700D8CDC9 /* Project object */ = {
			isa = PBXProject;
			attributes = {
				BuildIndependentTargetsInParallel = 1;
				LastSwiftUpdateCheck = 1620;
				LastUpgradeCheck = 1620;
				TargetAttributes = {
					6BF955FD2D37246700D8CDC9 = {
						CreatedOnToolsVersion = 16.2;
					};
					6BF9560D2D37246900D8CDC9 = {
						CreatedOnToolsVersion = 16.2;
						TestTargetID = 6BF955FD2D37246700D8CDC9;
					};
					6BF956172D37246900D8CDC9 = {
						CreatedOnToolsVersion = 16.2;
						TestTargetID = 6BF955FD2D37246700D8CDC9;
					};
				};
			};
			buildConfigurationList = 6BF955F92D37246700D8CDC9 /* Build configuration list for PBXProject "learn-ios-mvvm" */;
			developmentRegion = en;
			hasScannedForEncodings = 0;
			knownRegions = (
				en,
				Base,
			);
			mainGroup = 6BF955F52D37246700D8CDC9;
			minimizedProjectReferenceProxies = 1;
			preferredProjectObjectVersion = 77;
			productRefGroup = 6BF955FF2D37246700D8CDC9 /* Products */;
			projectDirPath = "";
			projectRoot = "";
			targets = (
				6BF955FD2D37246700D8CDC9 /* learn-ios-mvvm */,
				6BF9560D2D37246900D8CDC9 /* learn-ios-mvvmTests */,
				6BF956172D37246900D8CDC9 /* learn-ios-mvvmUITests */,
			);
		};
/* End PBXProject section */

/* Begin PBXResourcesBuildPhase section */
		6BF955FC2D37246700D8CDC9 /* Resources */ = {
			isa = PBXResourcesBuildPhase;
			buildActionMask = 2147483647;
			files = (
			);
			runOnlyForDeploymentPostprocessing = 0;
		};
		6BF9560C2D37246900D8CDC9 /* Resources */ = {
			isa = PBXResourcesBuildPhase;
			buildActionMask = 2147483647;
			files = (
			);
			runOnlyForDeploymentPostprocessing = 0;
		};
		6BF956162D37246900D8CDC9 /* Resources */ = {
			isa = PBXResourcesBuildPhase;
			buildActionMask = 2147483647;
			files = (
			);
			runOnlyForDeploymentPostprocessing = 0;
		};
/* End PBXResourcesBuildPhase section */

/* Begin PBXSourcesBuildPhase section */
		6BF955FA2D37246700D8CDC9 /* Sources */ = {
			isa = PBXSourcesBuildPhase;
			buildActionMask = 2147483647;
			files = (
			);
			runOnlyForDeploymentPostprocessing = 0;
		};
		6BF9560A2D37246900D8CDC9 /* Sources */ = {
			isa = PBXSourcesBuildPhase;
			buildActionMask = 2147483647;
			files = (
			);
			runOnlyForDeploymentPostprocessing = 0;
		};
		6BF956142D37246900D8CDC9 /* Sources */ = {
			isa = PBXSourcesBuildPhase;
			buildActionMask = 2147483647;
			files = (
			);
			runOnlyForDeploymentPostprocessing = 0;
		};
/* End PBXSourcesBuildPhase section */

/* Begin PBXTargetDependency section */
		6BF956102D37246900D8CDC9 /* PBXTargetDependency */ = {
			isa = PBXTargetDependency;
			target = 6BF955FD2D37246700D8CDC9 /* learn-ios-mvvm */;
			targetProxy = 6BF9560F2D37246900D8CDC9 /* PBXContainerItemProxy */;
		};
		6BF9561A2D37246900D8CDC9 /* PBXTargetDependency */ = {
			isa = PBXTargetDependency;
			target = 6BF955FD2D37246700D8CDC9 /* learn-ios-mvvm */;
			targetProxy = 6BF956192D37246900D8CDC9 /* PBXContainerItemProxy */;
		};
/* End PBXTargetDependency section */

/* Begin XCBuildConfiguration section */
		6BF956202D37246900D8CDC9 /* Debug */ = {
			isa = XCBuildConfiguration;
			buildSettings = {
				ALWAYS_SEARCH_USER_PATHS = NO;
				ASSETCATALOG_COMPILER_GENERATE_SWIFT_ASSET_SYMBOL_EXTENSIONS = YES;
				CLANG_ANALYZER_NONNULL = YES;
				CLANG_ANALYZER_NUMBER_OBJECT_CONVERSION = YES_AGGRESSIVE;
				CLANG_CXX_LANGUAGE_STANDARD = "gnu++20";
				CLANG_ENABLE_MODULES = YES;
				CLANG_ENABLE_OBJC_ARC = YES;
				CLANG_ENABLE_OBJC_WEAK = YES;
				CLANG_WARN_BLOCK_CAPTURE_AUTORELEASING = YES;
				CLANG_WARN_BOOL_CONVERSION = YES;
				CLANG_WARN_COMMA = YES;
				CLANG_WARN_CONSTANT_CONVERSION = YES;
				CLANG_WARN_DEPRECATED_OBJC_IMPLEMENTATIONS = YES;
				CLANG_WARN_DIRECT_OBJC_ISA_USAGE = YES_ERROR;
				CLANG_WARN_DOCUMENTATION_COMMENTS = YES;
				CLANG_WARN_EMPTY_BODY = YES;
				CLANG_WARN_ENUM_CONVERSION = YES;
				CLANG_WARN_INFINITE_RECURSION = YES;
				CLANG_WARN_INT_CONVERSION = YES;
				CLANG_WARN_NON_LITERAL_NULL_CONVERSION = YES;
				CLANG_WARN_OBJC_IMPLICIT_RETAIN_SELF = YES;
				CLANG_WARN_OBJC_LITERAL_CONVERSION = YES;
				CLANG_WARN_OBJC_ROOT_CLASS = YES_ERROR;
				CLANG_WARN_QUOTED_INCLUDE_IN_FRAMEWORK_HEADER = YES;
				CLANG_WARN_RANGE_LOOP_ANALYSIS = YES;
				CLANG_WARN_STRICT_PROTOTYPES = YES;
				CLANG_WARN_SUSPICIOUS_MOVE = YES;
				CLANG_WARN_UNGUARDED_AVAILABILITY = YES_AGGRESSIVE;
				CLANG_WARN_UNREACHABLE_CODE = YES;
				CLANG_WARN__DUPLICATE_METHOD_MATCH = YES;
				COPY_PHASE_STRIP = NO;
				DEBUG_INFORMATION_FORMAT = dwarf;
				ENABLE_STRICT_OBJC_MSGSEND = YES;
				ENABLE_TESTABILITY = YES;
				ENABLE_USER_SCRIPT_SANDBOXING = YES;
				GCC_C_LANGUAGE_STANDARD = gnu17;
				GCC_DYNAMIC_NO_PIC = NO;
				GCC_NO_COMMON_BLOCKS = YES;
				GCC_OPTIMIZATION_LEVEL = 0;
				GCC_PREPROCESSOR_DEFINITIONS = (
					"DEBUG=1",
					"$(inherited)",
				);
				GCC_WARN_64_TO_32_BIT_CONVERSION = YES;
				GCC_WARN_ABOUT_RETURN_TYPE = YES_ERROR;
				GCC_WARN_UNDECLARED_SELECTOR = YES;
				GCC_WARN_UNINITIALIZED_AUTOS = YES_AGGRESSIVE;
				GCC_WARN_UNUSED_FUNCTION = YES;
				GCC_WARN_UNUSED_VARIABLE = YES;
				IPHONEOS_DEPLOYMENT_TARGET = 18.2;
				LOCALIZATION_PREFERS_STRING_CATALOGS = YES;
				MTL_ENABLE_DEBUG_INFO = INCLUDE_SOURCE;
				MTL_FAST_MATH = YES;
				ONLY_ACTIVE_ARCH = YES;
				SDKROOT = iphoneos;
				SWIFT_ACTIVE_COMPILATION_CONDITIONS = "DEBUG $(inherited)";
				SWIFT_OPTIMIZATION_LEVEL = "-Onone";
			};
			name = Debug;
		};
		6BF956212D37246900D8CDC9 /* Release */ = {
			isa = XCBuildConfiguration;
			buildSettings = {
				ALWAYS_SEARCH_USER_PATHS = NO;
				ASSETCATALOG_COMPILER_GENERATE_SWIFT_ASSET_SYMBOL_EXTENSIONS = YES;
				CLANG_ANALYZER_NONNULL = YES;
				CLANG_ANALYZER_NUMBER_OBJECT_CONVERSION = YES_AGGRESSIVE;
				CLANG_CXX_LANGUAGE_STANDARD = "gnu++20";
				CLANG_ENABLE_MODULES = YES;
				CLANG_ENABLE_OBJC_ARC = YES;
				CLANG_ENABLE_OBJC_WEAK = YES;
				CLANG_WARN_BLOCK_CAPTURE_AUTORELEASING = YES;
				CLANG_WARN_BOOL_CONVERSION = YES;
				CLANG_WARN_COMMA = YES;
				CLANG_WARN_CONSTANT_CONVERSION = YES;
				CLANG_WARN_DEPRECATED_OBJC_IMPLEMENTATIONS = YES;
				CLANG_WARN_DIRECT_OBJC_ISA_USAGE = YES_ERROR;
				CLANG_WARN_DOCUMENTATION_COMMENTS = YES;
				CLANG_WARN_EMPTY_BODY = YES;
				CLANG_WARN_ENUM_CONVERSION = YES;
				CLANG_WARN_INFINITE_RECURSION = YES;
				CLANG_WARN_INT_CONVERSION = YES;
				CLANG_WARN_NON_LITERAL_NULL_CONVERSION = YES;
				CLANG_WARN_OBJC_IMPLICIT_RETAIN_SELF = YES;
				CLANG_WARN_OBJC_LITERAL_CONVERSION = YES;
				CLANG_WARN_OBJC_ROOT_CLASS = YES_ERROR;
				CLANG_WARN_QUOTED_INCLUDE_IN_FRAMEWORK_HEADER = YES;
				CLANG_WARN_RANGE_LOOP_ANALYSIS = YES;
				CLANG_WARN_STRICT_PROTOTYPES = YES;
				CLANG_WARN_SUSPICIOUS_MOVE = YES;
				CLANG_WARN_UNGUARDED_AVAILABILITY = YES_AGGRESSIVE;
				CLANG_WARN_UNREACHABLE_CODE = YES;
				CLANG_WARN__DUPLICATE_METHOD_MATCH = YES;
				COPY_PHASE_STRIP = NO;
				DEBUG_INFORMATION_FORMAT = "dwarf-with-dsym";
				ENABLE_NS_ASSERTIONS = NO;
				ENABLE_STRICT_OBJC_MSGSEND = YES;
				ENABLE_USER_SCRIPT_SANDBOXING = YES;
				GCC_C_LANGUAGE_STANDARD = gnu17;
				GCC_NO_COMMON_BLOCKS = YES;
				GCC_WARN_64_TO_32_BIT_CONVERSION = YES;
				GCC_WARN_ABOUT_RETURN_TYPE = YES_ERROR;
				GCC_WARN_UNDECLARED_SELECTOR = YES;
				GCC_WARN_UNINITIALIZED_AUTOS = YES_AGGRESSIVE;
				GCC_WARN_UNUSED_FUNCTION = YES;
				GCC_WARN_UNUSED_VARIABLE = YES;
				IPHONEOS_DEPLOYMENT_TARGET = 18.2;
				LOCALIZATION_PREFERS_STRING_CATALOGS = YES;
				MTL_ENABLE_DEBUG_INFO = NO;
				MTL_FAST_MATH = YES;
				SDKROOT = iphoneos;
				SWIFT_COMPILATION_MODE = wholemodule;
				VALIDATE_PRODUCT = YES;
			};
			name = Release;
		};
		6BF956232D37246900D8CDC9 /* Debug */ = {
			isa = XCBuildConfiguration;
			buildSettings = {
				ASSETCATALOG_COMPILER_APPICON_NAME = AppIcon;
				ASSETCATALOG_COMPILER_GLOBAL_ACCENT_COLOR_NAME = AccentColor;
				CODE_SIGN_STYLE = Automatic;
				CURRENT_PROJECT_VERSION = 1;
				DEVELOPMENT_ASSET_PATHS = "\"learn-ios-mvvm/Preview Content\"";
				DEVELOPMENT_TEAM = K78A8RWWQN;
				ENABLE_PREVIEWS = YES;
				GENERATE_INFOPLIST_FILE = YES;
				INFOPLIST_KEY_UIApplicationSceneManifest_Generation = YES;
				INFOPLIST_KEY_UIApplicationSupportsIndirectInputEvents = YES;
				INFOPLIST_KEY_UILaunchScreen_Generation = YES;
				INFOPLIST_KEY_UISupportedInterfaceOrientations_iPad = "UIInterfaceOrientationPortrait UIInterfaceOrientationPortraitUpsideDown UIInterfaceOrientationLandscapeLeft UIInterfaceOrientationLandscapeRight";
				INFOPLIST_KEY_UISupportedInterfaceOrientations_iPhone = "UIInterfaceOrientationPortrait UIInterfaceOrientationLandscapeLeft UIInterfaceOrientationLandscapeRight";
				LD_RUNPATH_SEARCH_PATHS = (
					"$(inherited)",
					"@executable_path/Frameworks",
				);
				MARKETING_VERSION = 1.0;
				PRODUCT_BUNDLE_IDENTIFIER = "com.learn.mvvm.learn-ios-mvvm";
				PRODUCT_NAME = "$(TARGET_NAME)";
				SWIFT_EMIT_LOC_STRINGS = YES;
				SWIFT_VERSION = 5.0;
				TARGETED_DEVICE_FAMILY = "1,2";
			};
			name = Debug;
		};
		6BF956242D37246900D8CDC9 /* Release */ = {
			isa = XCBuildConfiguration;
			buildSettings = {
				ASSETCATALOG_COMPILER_APPICON_NAME = AppIcon;
				ASSETCATALOG_COMPILER_GLOBAL_ACCENT_COLOR_NAME = AccentColor;
				CODE_SIGN_STYLE = Automatic;
				CURRENT_PROJECT_VERSION = 1;
				DEVELOPMENT_ASSET_PATHS = "\"learn-ios-mvvm/Preview Content\"";
				DEVELOPMENT_TEAM = K78A8RWWQN;
				ENABLE_PREVIEWS = YES;
				GENERATE_INFOPLIST_FILE = YES;
				INFOPLIST_KEY_UIApplicationSceneManifest_Generation = YES;
				INFOPLIST_KEY_UIApplicationSupportsIndirectInputEvents = YES;
				INFOPLIST_KEY_UILaunchScreen_Generation = YES;
				INFOPLIST_KEY_UISupportedInterfaceOrientations_iPad = "UIInterfaceOrientationPortrait UIInterfaceOrientationPortraitUpsideDown UIInterfaceOrientationLandscapeLeft UIInterfaceOrientationLandscapeRight";
				INFOPLIST_KEY_UISupportedInterfaceOrientations_iPhone = "UIInterfaceOrientationPortrait UIInterfaceOrientationLandscapeLeft UIInterfaceOrientationLandscapeRight";
				LD_RUNPATH_SEARCH_PATHS = (
					"$(inherited)",
					"@executable_path/Frameworks",
				);
				MARKETING_VERSION = 1.0;
				PRODUCT_BUNDLE_IDENTIFIER = "com.learn.mvvm.learn-ios-mvvm";
				PRODUCT_NAME = "$(TARGET_NAME)";
				SWIFT_EMIT_LOC_STRINGS = YES;
				SWIFT_VERSION = 5.0;
				TARGETED_DEVICE_FAMILY = "1,2";
			};
			name = Release;
		};
		6BF956262D37246900D8CDC9 /* Debug */ = {
			isa = XCBuildConfiguration;
			buildSettings = {
				BUNDLE_LOADER = "$(TEST_HOST)";
				CODE_SIGN_STYLE = Automatic;
				CURRENT_PROJECT_VERSION = 1;
				DEVELOPMENT_TEAM = K78A8RWWQN;
				GENERATE_INFOPLIST_FILE = YES;
				IPHONEOS_DEPLOYMENT_TARGET = 18.2;
				MARKETING_VERSION = 1.0;
				PRODUCT_BUNDLE_IDENTIFIER = "com.learn.mvvm.learn-ios-mvvmTests";
				PRODUCT_NAME = "$(TARGET_NAME)";
				SWIFT_EMIT_LOC_STRINGS = NO;
				SWIFT_VERSION = 5.0;
				TARGETED_DEVICE_FAMILY = "1,2";
				TEST_HOST = "$(BUILT_PRODUCTS_DIR)/learn-ios-mvvm.app/$(BUNDLE_EXECUTABLE_FOLDER_PATH)/learn-ios-mvvm";
			};
			name = Debug;
		};
		6BF956272D37246900D8CDC9 /* Release */ = {
			isa = XCBuildConfiguration;
			buildSettings = {
				BUNDLE_LOADER = "$(TEST_HOST)";
				CODE_SIGN_STYLE = Automatic;
				CURRENT_PROJECT_VERSION = 1;
				DEVELOPMENT_TEAM = K78A8RWWQN;
				GENERATE_INFOPLIST_FILE = YES;
				IPHONEOS_DEPLOYMENT_TARGET = 18.2;
				MARKETING_VERSION = 1.0;
				PRODUCT_BUNDLE_IDENTIFIER = "com.learn.mvvm.learn-ios-mvvmTests";
				PRODUCT_NAME = "$(TARGET_NAME)";
				SWIFT_EMIT_LOC_STRINGS = NO;
				SWIFT_VERSION = 5.0;
				TARGETED_DEVICE_FAMILY = "1,2";
				TEST_HOST = "$(BUILT_PRODUCTS_DIR)/learn-ios-mvvm.app/$(BUNDLE_EXECUTABLE_FOLDER_PATH)/learn-ios-mvvm";
			};
			name = Release;
		};
		6BF956292D37246900D8CDC9 /* Debug */ = {
			isa = XCBuildConfiguration;
			buildSettings = {
				CODE_SIGN_STYLE = Automatic;
				CURRENT_PROJECT_VERSION = 1;
				DEVELOPMENT_TEAM = K78A8RWWQN;
				GENERATE_INFOPLIST_FILE = YES;
				MARKETING_VERSION = 1.0;
				PRODUCT_BUNDLE_IDENTIFIER = "com.learn.mvvm.learn-ios-mvvmUITests";
				PRODUCT_NAME = "$(TARGET_NAME)";
				SWIFT_EMIT_LOC_STRINGS = NO;
				SWIFT_VERSION = 5.0;
				TARGETED_DEVICE_FAMILY = "1,2";
				TEST_TARGET_NAME = "learn-ios-mvvm";
			};
			name = Debug;
		};
		6BF9562A2D37246900D8CDC9 /* Release */ = {
			isa = XCBuildConfiguration;
			buildSettings = {
				CODE_SIGN_STYLE = Automatic;
				CURRENT_PROJECT_VERSION = 1;
				DEVELOPMENT_TEAM = K78A8RWWQN;
				GENERATE_INFOPLIST_FILE = YES;
				MARKETING_VERSION = 1.0;
				PRODUCT_BUNDLE_IDENTIFIER = "com.learn.mvvm.learn-ios-mvvmUITests";
				PRODUCT_NAME = "$(TARGET_NAME)";
				SWIFT_EMIT_LOC_STRINGS = NO;
				SWIFT_VERSION = 5.0;
				TARGETED_DEVICE_FAMILY = "1,2";
				TEST_TARGET_NAME = "learn-ios-mvvm";
			};
			name = Release;
		};
/* End XCBuildConfiguration section */

/* Begin XCConfigurationList section */
		6BF955F92D37246700D8CDC9 /* Build configuration list for PBXProject "learn-ios-mvvm" */ = {
			isa = XCConfigurationList;
			buildConfigurations = (
				6BF956202D37246900D8CDC9 /* Debug */,
				6BF956212D37246900D8CDC9 /* Release */,
			);
			defaultConfigurationIsVisible = 0;
			defaultConfigurationName = Release;
		};
		6BF956222D37246900D8CDC9 /* Build configuration list for PBXNativeTarget "learn-ios-mvvm" */ = {
			isa = XCConfigurationList;
			buildConfigurations = (
				6BF956232D37246900D8CDC9 /* Debug */,
				6BF956242D37246900D8CDC9 /* Release */,
			);
			defaultConfigurationIsVisible = 0;
			defaultConfigurationName = Release;
		};
		6BF956252D37246900D8CDC9 /* Build configuration list for PBXNativeTarget "learn-ios-mvvmTests" */ = {
			isa = XCConfigurationList;
			buildConfigurations = (
				6BF956262D37246900D8CDC9 /* Debug */,
				6BF956272D37246900D8CDC9 /* Release */,
			);
			defaultConfigurationIsVisible = 0;
			defaultConfigurationName = Release;
		};
		6BF956282D37246900D8CDC9 /* Build configuration list for PBXNativeTarget "learn-ios-mvvmUITests" */ = {
			isa = XCConfigurationList;
			buildConfigurations = (
				6BF956292D37246900D8CDC9 /* Debug */,
				6BF9562A2D37246900D8CDC9 /* Release */,
			);
			defaultConfigurationIsVisible = 0;
			defaultConfigurationName = Release;
		};
/* End XCConfigurationList section */
	};
	rootObject = 6BF955F62D37246700D8CDC9 /* Project object */;
}
